// !$*UTF8*$!
{
	archiveVersion = 1;
	classes = {
	};
	objectVersion = 55;
	objects = {

/* Begin PBXBuildFile section */
		777A1912272AA2A600159646 /* AppDelegate.swift in Sources */ = {isa = PBXBuildFile; fileRef = 777A1911272AA2A600159646 /* AppDelegate.swift */; };
		777A1914272AA2A600159646 /* SceneDelegate.swift in Sources */ = {isa = PBXBuildFile; fileRef = 777A1913272AA2A600159646 /* SceneDelegate.swift */; };
		777A1916272AA2A600159646 /* ViewController.swift in Sources */ = {isa = PBXBuildFile; fileRef = 777A1915272AA2A600159646 /* ViewController.swift */; };
		777A1919272AA2A600159646 /* Main.storyboard in Resources */ = {isa = PBXBuildFile; fileRef = 777A1917272AA2A600159646 /* Main.storyboard */; };
		777A191B272AA2A600159646 /* Assets.xcassets in Resources */ = {isa = PBXBuildFile; fileRef = 777A191A272AA2A600159646 /* Assets.xcassets */; };
		777A191E272AA2A600159646 /* LaunchScreen.storyboard in Resources */ = {isa = PBXBuildFile; fileRef = 777A191C272AA2A600159646 /* LaunchScreen.storyboard */; };
		777A1929272AA2A600159646 /* RentACarTests.swift in Sources */ = {isa = PBXBuildFile; fileRef = 777A1928272AA2A600159646 /* RentACarTests.swift */; };
		777A1933272AA2A600159646 /* RentACarUITests.swift in Sources */ = {isa = PBXBuildFile; fileRef = 777A1932272AA2A600159646 /* RentACarUITests.swift */; };
		777A1935272AA2A600159646 /* RentACarUITestsLaunchTests.swift in Sources */ = {isa = PBXBuildFile; fileRef = 777A1934272AA2A600159646 /* RentACarUITestsLaunchTests.swift */; };
		77A6CF59272B13E000110047 /* Car.swift in Sources */ = {isa = PBXBuildFile; fileRef = 77A6CF58272B13E000110047 /* Car.swift */; };
		77C4C0CC272D913B0006BE74 /* CarTableViewCell.swift in Sources */ = {isa = PBXBuildFile; fileRef = 77C4C0CB272D913B0006BE74 /* CarTableViewCell.swift */; };
/* End PBXBuildFile section */

/* Begin PBXContainerItemProxy section */
		777A1925272AA2A600159646 /* PBXContainerItemProxy */ = {
			isa = PBXContainerItemProxy;
			containerPortal = 777A1906272AA2A600159646 /* Project object */;
			proxyType = 1;
			remoteGlobalIDString = 777A190D272AA2A600159646;
			remoteInfo = RentACar;
		};
		777A192F272AA2A600159646 /* PBXContainerItemProxy */ = {
			isa = PBXContainerItemProxy;
			containerPortal = 777A1906272AA2A600159646 /* Project object */;
			proxyType = 1;
			remoteGlobalIDString = 777A190D272AA2A600159646;
			remoteInfo = RentACar;
		};
/* End PBXContainerItemProxy section */

/* Begin PBXFileReference section */
		777A190E272AA2A600159646 /* RentACar.app */ = {isa = PBXFileReference; explicitFileType = wrapper.application; includeInIndex = 0; path = RentACar.app; sourceTree = BUILT_PRODUCTS_DIR; };
		777A1911272AA2A600159646 /* AppDelegate.swift */ = {isa = PBXFileReference; lastKnownFileType = sourcecode.swift; path = AppDelegate.swift; sourceTree = "<group>"; };
		777A1913272AA2A600159646 /* SceneDelegate.swift */ = {isa = PBXFileReference; lastKnownFileType = sourcecode.swift; path = SceneDelegate.swift; sourceTree = "<group>"; };
		777A1915272AA2A600159646 /* ViewController.swift */ = {isa = PBXFileReference; lastKnownFileType = sourcecode.swift; path = ViewController.swift; sourceTree = "<group>"; };
		777A1918272AA2A600159646 /* Base */ = {isa = PBXFileReference; lastKnownFileType = file.storyboard; name = Base; path = Base.lproj/Main.storyboard; sourceTree = "<group>"; };
		777A191A272AA2A600159646 /* Assets.xcassets */ = {isa = PBXFileReference; lastKnownFileType = folder.assetcatalog; path = Assets.xcassets; sourceTree = "<group>"; };
		777A191D272AA2A600159646 /* Base */ = {isa = PBXFileReference; lastKnownFileType = file.storyboard; name = Base; path = Base.lproj/LaunchScreen.storyboard; sourceTree = "<group>"; };
		777A191F272AA2A600159646 /* Info.plist */ = {isa = PBXFileReference; lastKnownFileType = text.plist.xml; path = Info.plist; sourceTree = "<group>"; };
		777A1924272AA2A600159646 /* RentACarTests.xctest */ = {isa = PBXFileReference; explicitFileType = wrapper.cfbundle; includeInIndex = 0; path = RentACarTests.xctest; sourceTree = BUILT_PRODUCTS_DIR; };
		777A1928272AA2A600159646 /* RentACarTests.swift */ = {isa = PBXFileReference; lastKnownFileType = sourcecode.swift; path = RentACarTests.swift; sourceTree = "<group>"; };
		777A192E272AA2A600159646 /* RentACarUITests.xctest */ = {isa = PBXFileReference; explicitFileType = wrapper.cfbundle; includeInIndex = 0; path = RentACarUITests.xctest; sourceTree = BUILT_PRODUCTS_DIR; };
		777A1932272AA2A600159646 /* RentACarUITests.swift */ = {isa = PBXFileReference; lastKnownFileType = sourcecode.swift; path = RentACarUITests.swift; sourceTree = "<group>"; };
		777A1934272AA2A600159646 /* RentACarUITestsLaunchTests.swift */ = {isa = PBXFileReference; lastKnownFileType = sourcecode.swift; path = RentACarUITestsLaunchTests.swift; sourceTree = "<group>"; };
		77A6CF58272B13E000110047 /* Car.swift */ = {isa = PBXFileReference; lastKnownFileType = sourcecode.swift; path = Car.swift; sourceTree = "<group>"; };
		77C4C0CB272D913B0006BE74 /* CarTableViewCell.swift */ = {isa = PBXFileReference; lastKnownFileType = sourcecode.swift; path = CarTableViewCell.swift; sourceTree = "<group>"; };
/* End PBXFileReference section */

/* Begin PBXFrameworksBuildPhase section */
		777A190B272AA2A600159646 /* Frameworks */ = {
			isa = PBXFrameworksBuildPhase;
			buildActionMask = 2147483647;
			files = (
			);
			runOnlyForDeploymentPostprocessing = 0;
		};
		777A1921272AA2A600159646 /* Frameworks */ = {
			isa = PBXFrameworksBuildPhase;
			buildActionMask = 2147483647;
			files = (
			);
			runOnlyForDeploymentPostprocessing = 0;
		};
		777A192B272AA2A600159646 /* Frameworks */ = {
			isa = PBXFrameworksBuildPhase;
			buildActionMask = 2147483647;
			files = (
			);
			runOnlyForDeploymentPostprocessing = 0;
		};
/* End PBXFrameworksBuildPhase section */

/* Begin PBXGroup section */
		777A1905272AA2A600159646 = {
			isa = PBXGroup;
			children = (
				777A1910272AA2A600159646 /* RentACar */,
				777A1927272AA2A600159646 /* RentACarTests */,
				777A1931272AA2A600159646 /* RentACarUITests */,
				777A190F272AA2A600159646 /* Products */,
			);
			sourceTree = "<group>";
		};
		777A190F272AA2A600159646 /* Products */ = {
			isa = PBXGroup;
			children = (
				777A190E272AA2A600159646 /* RentACar.app */,
				777A1924272AA2A600159646 /* RentACarTests.xctest */,
				777A192E272AA2A600159646 /* RentACarUITests.xctest */,
			);
			name = Products;
			sourceTree = "<group>";
		};
		777A1910272AA2A600159646 /* RentACar */ = {
			isa = PBXGroup;
			children = (
				777A1911272AA2A600159646 /* AppDelegate.swift */,
				777A1913272AA2A600159646 /* SceneDelegate.swift */,
				777A1915272AA2A600159646 /* ViewController.swift */,
				77C4C0CB272D913B0006BE74 /* CarTableViewCell.swift */,
				77A6CF58272B13E000110047 /* Car.swift */,
				777A1917272AA2A600159646 /* Main.storyboard */,
				777A191A272AA2A600159646 /* Assets.xcassets */,
				777A191C272AA2A600159646 /* LaunchScreen.storyboard */,
				777A191F272AA2A600159646 /* Info.plist */,
			);
			path = RentACar;
			sourceTree = "<group>";
		};
		777A1927272AA2A600159646 /* RentACarTests */ = {
			isa = PBXGroup;
			children = (
				777A1928272AA2A600159646 /* RentACarTests.swift */,
			);
			path = RentACarTests;
			sourceTree = "<group>";
		};
		777A1931272AA2A600159646 /* RentACarUITests */ = {
			isa = PBXGroup;
			children = (
				777A1932272AA2A600159646 /* RentACarUITests.swift */,
				777A1934272AA2A600159646 /* RentACarUITestsLaunchTests.swift */,
			);
			path = RentACarUITests;
			sourceTree = "<group>";
		};
/* End PBXGroup section */

/* Begin PBXNativeTarget section */
		777A190D272AA2A600159646 /* RentACar */ = {
			isa = PBXNativeTarget;
			buildConfigurationList = 777A1938272AA2A600159646 /* Build configuration list for PBXNativeTarget "RentACar" */;
			buildPhases = (
				777A190A272AA2A600159646 /* Sources */,
				777A190B272AA2A600159646 /* Frameworks */,
				777A190C272AA2A600159646 /* Resources */,
			);
			buildRules = (
			);
			dependencies = (
			);
			name = RentACar;
			productName = RentACar;
			productReference = 777A190E272AA2A600159646 /* RentACar.app */;
			productType = "com.apple.product-type.application";
		};
		777A1923272AA2A600159646 /* RentACarTests */ = {
			isa = PBXNativeTarget;
			buildConfigurationList = 777A193B272AA2A600159646 /* Build configuration list for PBXNativeTarget "RentACarTests" */;
			buildPhases = (
				777A1920272AA2A600159646 /* Sources */,
				777A1921272AA2A600159646 /* Frameworks */,
				777A1922272AA2A600159646 /* Resources */,
			);
			buildRules = (
			);
			dependencies = (
				777A1926272AA2A600159646 /* PBXTargetDependency */,
			);
			name = RentACarTests;
			productName = RentACarTests;
			productReference = 777A1924272AA2A600159646 /* RentACarTests.xctest */;
			productType = "com.apple.product-type.bundle.unit-test";
		};
		777A192D272AA2A600159646 /* RentACarUITests */ = {
			isa = PBXNativeTarget;
			buildConfigurationList = 777A193E272AA2A600159646 /* Build configuration list for PBXNativeTarget "RentACarUITests" */;
			buildPhases = (
				777A192A272AA2A600159646 /* Sources */,
				777A192B272AA2A600159646 /* Frameworks */,
				777A192C272AA2A600159646 /* Resources */,
			);
			buildRules = (
			);
			dependencies = (
				777A1930272AA2A600159646 /* PBXTargetDependency */,
			);
			name = RentACarUITests;
			productName = RentACarUITests;
			productReference = 777A192E272AA2A600159646 /* RentACarUITests.xctest */;
			productType = "com.apple.product-type.bundle.ui-testing";
		};
/* End PBXNativeTarget section */

/* Begin PBXProject section */
		777A1906272AA2A600159646 /* Project object */ = {
			isa = PBXProject;
			attributes = {
				BuildIndependentTargetsInParallel = 1;
				LastSwiftUpdateCheck = 1310;
				LastUpgradeCheck = 1310;
				TargetAttributes = {
					777A190D272AA2A600159646 = {
						CreatedOnToolsVersion = 13.1;
					};
					777A1923272AA2A600159646 = {
						CreatedOnToolsVersion = 13.1;
						TestTargetID = 777A190D272AA2A600159646;
					};
					777A192D272AA2A600159646 = {
						CreatedOnToolsVersion = 13.1;
						TestTargetID = 777A190D272AA2A600159646;
					};
				};
			};
			buildConfigurationList = 777A1909272AA2A600159646 /* Build configuration list for PBXProject "RentACar" */;
			compatibilityVersion = "Xcode 13.0";
			developmentRegion = en;
			hasScannedForEncodings = 0;
			knownRegions = (
				en,
				Base,
			);
			mainGroup = 777A1905272AA2A600159646;
			productRefGroup = 777A190F272AA2A600159646 /* Products */;
			projectDirPath = "";
			projectRoot = "";
			targets = (
				777A190D272AA2A600159646 /* RentACar */,
				777A1923272AA2A600159646 /* RentACarTests */,
				777A192D272AA2A600159646 /* RentACarUITests */,
			);
		};
/* End PBXProject section */

/* Begin PBXResourcesBuildPhase section */
		777A190C272AA2A600159646 /* Resources */ = {
			isa = PBXResourcesBuildPhase;
			buildActionMask = 2147483647;
			files = (
				777A191E272AA2A600159646 /* LaunchScreen.storyboard in Resources */,
				777A191B272AA2A600159646 /* Assets.xcassets in Resources */,
				777A1919272AA2A600159646 /* Main.storyboard in Resources */,
			);
			runOnlyForDeploymentPostprocessing = 0;
		};
		777A1922272AA2A600159646 /* Resources */ = {
			isa = PBXResourcesBuildPhase;
			buildActionMask = 2147483647;
			files = (
			);
			runOnlyForDeploymentPostprocessing = 0;
		};
		777A192C272AA2A600159646 /* Resources */ = {
			isa = PBXResourcesBuildPhase;
			buildActionMask = 2147483647;
			files = (
			);
			runOnlyForDeploymentPostprocessing = 0;
		};
/* End PBXResourcesBuildPhase section */

/* Begin PBXSourcesBuildPhase section */
		777A190A272AA2A600159646 /* Sources */ = {
			isa = PBXSourcesBuildPhase;
			buildActionMask = 2147483647;
			files = (
				777A1916272AA2A600159646 /* ViewController.swift in Sources */,
				777A1912272AA2A600159646 /* AppDelegate.swift in Sources */,
				77A6CF59272B13E000110047 /* Car.swift in Sources */,
				777A1914272AA2A600159646 /* SceneDelegate.swift in Sources */,
				77C4C0CC272D913B0006BE74 /* CarTableViewCell.swift in Sources */,
			);
			runOnlyForDeploymentPostprocessing = 0;
		};
		777A1920272AA2A600159646 /* Sources */ = {
			isa = PBXSourcesBuildPhase;
			buildActionMask = 2147483647;
			files = (
				777A1929272AA2A600159646 /* RentACarTests.swift in Sources */,
			);
			runOnlyForDeploymentPostprocessing = 0;
		};
		777A192A272AA2A600159646 /* Sources */ = {
			isa = PBXSourcesBuildPhase;
			buildActionMask = 2147483647;
			files = (
				777A1935272AA2A600159646 /* RentACarUITestsLaunchTests.swift in Sources */,
				777A1933272AA2A600159646 /* RentACarUITests.swift in Sources */,
			);
			runOnlyForDeploymentPostprocessing = 0;
		};
/* End PBXSourcesBuildPhase section */

/* Begin PBXTargetDependency section */
		777A1926272AA2A600159646 /* PBXTargetDependency */ = {
			isa = PBXTargetDependency;
			target = 777A190D272AA2A600159646 /* RentACar */;
			targetProxy = 777A1925272AA2A600159646 /* PBXContainerItemProxy */;
		};
		777A1930272AA2A600159646 /* PBXTargetDependency */ = {
			isa = PBXTargetDependency;
			target = 777A190D272AA2A600159646 /* RentACar */;
			targetProxy = 777A192F272AA2A600159646 /* PBXContainerItemProxy */;
		};
/* End PBXTargetDependency section */

/* Begin PBXVariantGroup section */
		777A1917272AA2A600159646 /* Main.storyboard */ = {
			isa = PBXVariantGroup;
			children = (
				777A1918272AA2A600159646 /* Base */,
			);
			name = Main.storyboard;
			sourceTree = "<group>";
		};
		777A191C272AA2A600159646 /* LaunchScreen.storyboard */ = {
			isa = PBXVariantGroup;
			children = (
				777A191D272AA2A600159646 /* Base */,
			);
			name = LaunchScreen.storyboard;
			sourceTree = "<group>";
		};
/* End PBXVariantGroup section */

/* Begin XCBuildConfiguration section */
		777A1936272AA2A600159646 /* Debug */ = {
			isa = XCBuildConfiguration;
			buildSettings = {
				ALWAYS_SEARCH_USER_PATHS = NO;
				CLANG_ANALYZER_NONNULL = YES;
				CLANG_ANALYZER_NUMBER_OBJECT_CONVERSION = YES_AGGRESSIVE;
				CLANG_CXX_LANGUAGE_STANDARD = "gnu++17";
				CLANG_CXX_LIBRARY = "libc++";
				CLANG_ENABLE_MODULES = YES;
				CLANG_ENABLE_OBJC_ARC = YES;
				CLANG_ENABLE_OBJC_WEAK = YES;
				CLANG_WARN_BLOCK_CAPTURE_AUTORELEASING = YES;
				CLANG_WARN_BOOL_CONVERSION = YES;
				CLANG_WARN_COMMA = YES;
				CLANG_WARN_CONSTANT_CONVERSION = YES;
				CLANG_WARN_DEPRECATED_OBJC_IMPLEMENTATIONS = YES;
				CLANG_WARN_DIRECT_OBJC_ISA_USAGE = YES_ERROR;
				CLANG_WARN_DOCUMENTATION_COMMENTS = YES;
				CLANG_WARN_EMPTY_BODY = YES;
				CLANG_WARN_ENUM_CONVERSION = YES;
				CLANG_WARN_INFINITE_RECURSION = YES;
				CLANG_WARN_INT_CONVERSION = YES;
				CLANG_WARN_NON_LITERAL_NULL_CONVERSION = YES;
				CLANG_WARN_OBJC_IMPLICIT_RETAIN_SELF = YES;
				CLANG_WARN_OBJC_LITERAL_CONVERSION = YES;
				CLANG_WARN_OBJC_ROOT_CLASS = YES_ERROR;
				CLANG_WARN_QUOTED_INCLUDE_IN_FRAMEWORK_HEADER = YES;
				CLANG_WARN_RANGE_LOOP_ANALYSIS = YES;
				CLANG_WARN_STRICT_PROTOTYPES = YES;
				CLANG_WARN_SUSPICIOUS_MOVE = YES;
				CLANG_WARN_UNGUARDED_AVAILABILITY = YES_AGGRESSIVE;
				CLANG_WARN_UNREACHABLE_CODE = YES;
				CLANG_WARN__DUPLICATE_METHOD_MATCH = YES;
				COPY_PHASE_STRIP = NO;
				DEBUG_INFORMATION_FORMAT = dwarf;
				ENABLE_STRICT_OBJC_MSGSEND = YES;
				ENABLE_TESTABILITY = YES;
				GCC_C_LANGUAGE_STANDARD = gnu11;
				GCC_DYNAMIC_NO_PIC = NO;
				GCC_NO_COMMON_BLOCKS = YES;
				GCC_OPTIMIZATION_LEVEL = 0;
				GCC_PREPROCESSOR_DEFINITIONS = (
					"DEBUG=1",
					"$(inherited)",
				);
				GCC_WARN_64_TO_32_BIT_CONVERSION = YES;
				GCC_WARN_ABOUT_RETURN_TYPE = YES_ERROR;
				GCC_WARN_UNDECLARED_SELECTOR = YES;
				GCC_WARN_UNINITIALIZED_AUTOS = YES_AGGRESSIVE;
				GCC_WARN_UNUSED_FUNCTION = YES;
				GCC_WARN_UNUSED_VARIABLE = YES;
				IPHONEOS_DEPLOYMENT_TARGET = 15.0;
				MTL_ENABLE_DEBUG_INFO = INCLUDE_SOURCE;
				MTL_FAST_MATH = YES;
				ONLY_ACTIVE_ARCH = YES;
				SDKROOT = iphoneos;
				SWIFT_ACTIVE_COMPILATION_CONDITIONS = DEBUG;
				SWIFT_OPTIMIZATION_LEVEL = "-Onone";
			};
			name = Debug;
		};
		777A1937272AA2A600159646 /* Release */ = {
			isa = XCBuildConfiguration;
			buildSettings = {
				ALWAYS_SEARCH_USER_PATHS = NO;
				CLANG_ANALYZER_NONNULL = YES;
				CLANG_ANALYZER_NUMBER_OBJECT_CONVERSION = YES_AGGRESSIVE;
				CLANG_CXX_LANGUAGE_STANDARD = "gnu++17";
				CLANG_CXX_LIBRARY = "libc++";
				CLANG_ENABLE_MODULES = YES;
				CLANG_ENABLE_OBJC_ARC = YES;
				CLANG_ENABLE_OBJC_WEAK = YES;
				CLANG_WARN_BLOCK_CAPTURE_AUTORELEASING = YES;
				CLANG_WARN_BOOL_CONVERSION = YES;
				CLANG_WARN_COMMA = YES;
				CLANG_WARN_CONSTANT_CONVERSION = YES;
				CLANG_WARN_DEPRECATED_OBJC_IMPLEMENTATIONS = YES;
				CLANG_WARN_DIRECT_OBJC_ISA_USAGE = YES_ERROR;
				CLANG_WARN_DOCUMENTATION_COMMENTS = YES;
				CLANG_WARN_EMPTY_BODY = YES;
				CLANG_WARN_ENUM_CONVERSION = YES;
				CLANG_WARN_INFINITE_RECURSION = YES;
				CLANG_WARN_INT_CONVERSION = YES;
				CLANG_WARN_NON_LITERAL_NULL_CONVERSION = YES;
				CLANG_WARN_OBJC_IMPLICIT_RETAIN_SELF = YES;
				CLANG_WARN_OBJC_LITERAL_CONVERSION = YES;
				CLANG_WARN_OBJC_ROOT_CLASS = YES_ERROR;
				CLANG_WARN_QUOTED_INCLUDE_IN_FRAMEWORK_HEADER = YES;
				CLANG_WARN_RANGE_LOOP_ANALYSIS = YES;
				CLANG_WARN_STRICT_PROTOTYPES = YES;
				CLANG_WARN_SUSPICIOUS_MOVE = YES;
				CLANG_WARN_UNGUARDED_AVAILABILITY = YES_AGGRESSIVE;
				CLANG_WARN_UNREACHABLE_CODE = YES;
				CLANG_WARN__DUPLICATE_METHOD_MATCH = YES;
				COPY_PHASE_STRIP = NO;
				DEBUG_INFORMATION_FORMAT = "dwarf-with-dsym";
				ENABLE_NS_ASSERTIONS = NO;
				ENABLE_STRICT_OBJC_MSGSEND = YES;
				GCC_C_LANGUAGE_STANDARD = gnu11;
				GCC_NO_COMMON_BLOCKS = YES;
				GCC_WARN_64_TO_32_BIT_CONVERSION = YES;
				GCC_WARN_ABOUT_RETURN_TYPE = YES_ERROR;
				GCC_WARN_UNDECLARED_SELECTOR = YES;
				GCC_WARN_UNINITIALIZED_AUTOS = YES_AGGRESSIVE;
				GCC_WARN_UNUSED_FUNCTION = YES;
				GCC_WARN_UNUSED_VARIABLE = YES;
				IPHONEOS_DEPLOYMENT_TARGET = 15.0;
				MTL_ENABLE_DEBUG_INFO = NO;
				MTL_FAST_MATH = YES;
				SDKROOT = iphoneos;
				SWIFT_COMPILATION_MODE = wholemodule;
				SWIFT_OPTIMIZATION_LEVEL = "-O";
				VALIDATE_PRODUCT = YES;
			};
			name = Release;
		};
		777A1939272AA2A600159646 /* Debug */ = {
			isa = XCBuildConfiguration;
			buildSettings = {
				ASSETCATALOG_COMPILER_APPICON_NAME = AppIcon;
				ASSETCATALOG_COMPILER_GLOBAL_ACCENT_COLOR_NAME = AccentColor;
				CODE_SIGN_STYLE = Automatic;
				CURRENT_PROJECT_VERSION = 1;
				GENERATE_INFOPLIST_FILE = YES;
				INFOPLIST_FILE = RentACar/Info.plist;
				INFOPLIST_KEY_UIApplicationSupportsIndirectInputEvents = YES;
				INFOPLIST_KEY_UILaunchStoryboardName = LaunchScreen;
				INFOPLIST_KEY_UIMainStoryboardFile = Main;
				INFOPLIST_KEY_UISupportedInterfaceOrientations_iPad = "UIInterfaceOrientationPortrait UIInterfaceOrientationPortraitUpsideDown UIInterfaceOrientationLandscapeLeft UIInterfaceOrientationLandscapeRight";
				INFOPLIST_KEY_UISupportedInterfaceOrientations_iPhone = "UIInterfaceOrientationPortrait UIInterfaceOrientationLandscapeLeft UIInterfaceOrientationLandscapeRight";
				LD_RUNPATH_SEARCH_PATHS = (
					"$(inherited)",
					"@executable_path/Frameworks",
				);
				MARKETING_VERSION = 1.0;
				PRODUCT_BUNDLE_IDENTIFIER = com.example.srirams.RentACar;
				PRODUCT_NAME = "$(TARGET_NAME)";
				SWIFT_EMIT_LOC_STRINGS = YES;
				SWIFT_VERSION = 5.0;
				TARGETED_DEVICE_FAMILY = "1,2";
			};
			name = Debug;
		};
		777A193A272AA2A600159646 /* Release */ = {
			isa = XCBuildConfiguration;
			buildSettings = {
				ASSETCATALOG_COMPILER_APPICON_NAME = AppIcon;
				ASSETCATALOG_COMPILER_GLOBAL_ACCENT_COLOR_NAME = AccentColor;
				CODE_SIGN_STYLE = Automatic;
				CURRENT_PROJECT_VERSION = 1;
				GENERATE_INFOPLIST_FILE = YES;
				INFOPLIST_FILE = RentACar/Info.plist;
				INFOPLIST_KEY_UIApplicationSupportsIndirectInputEvents = YES;
				INFOPLIST_KEY_UILaunchStoryboardName = LaunchScreen;
				INFOPLIST_KEY_UIMainStoryboardFile = Main;
				INFOPLIST_KEY_UISupportedInterfaceOrientations_iPad = "UIInterfaceOrientationPortrait UIInterfaceOrientationPortraitUpsideDown UIInterfaceOrientationLandscapeLeft UIInterfaceOrientationLandscapeRight";
				INFOPLIST_KEY_UISupportedInterfaceOrientations_iPhone = "UIInterfaceOrientationPortrait UIInterfaceOrientationLandscapeLeft UIInterfaceOrientationLandscapeRight";
				LD_RUNPATH_SEARCH_PATHS = (
					"$(inherited)",
					"@executable_path/Frameworks",
				);
				MARKETING_VERSION = 1.0;
				PRODUCT_BUNDLE_IDENTIFIER = com.example.srirams.RentACar;
				PRODUCT_NAME = "$(TARGET_NAME)";
				SWIFT_EMIT_LOC_STRINGS = YES;
				SWIFT_VERSION = 5.0;
				TARGETED_DEVICE_FAMILY = "1,2";
			};
			name = Release;
		};
		777A193C272AA2A600159646 /* Debug */ = {
			isa = XCBuildConfiguration;
			buildSettings = {
				ALWAYS_EMBED_SWIFT_STANDARD_LIBRARIES = YES;
				BUNDLE_LOADER = "$(TEST_HOST)";
				CODE_SIGN_STYLE = Automatic;
				CURRENT_PROJECT_VERSION = 1;
				GENERATE_INFOPLIST_FILE = YES;
				IPHONEOS_DEPLOYMENT_TARGET = 15.0;
				LD_RUNPATH_SEARCH_PATHS = (
					"$(inherited)",
					"@executable_path/Frameworks",
					"@loader_path/Frameworks",
				);
				MARKETING_VERSION = 1.0;
				PRODUCT_BUNDLE_IDENTIFIER = com.example.srirams.RentACarTests;
				PRODUCT_NAME = "$(TARGET_NAME)";
				SWIFT_EMIT_LOC_STRINGS = NO;
				SWIFT_VERSION = 5.0;
				TARGETED_DEVICE_FAMILY = "1,2";
				TEST_HOST = "$(BUILT_PRODUCTS_DIR)/RentACar.app/RentACar";
			};
			name = Debug;
		};
		777A193D272AA2A600159646 /* Release */ = {
			isa = XCBuildConfiguration;
			buildSettings = {
				ALWAYS_EMBED_SWIFT_STANDARD_LIBRARIES = YES;
				BUNDLE_LOADER = "$(TEST_HOST)";
				CODE_SIGN_STYLE = Automatic;
				CURRENT_PROJECT_VERSION = 1;
				GENERATE_INFOPLIST_FILE = YES;
				IPHONEOS_DEPLOYMENT_TARGET = 15.0;
				LD_RUNPATH_SEARCH_PATHS = (
					"$(inherited)",
					"@executable_path/Frameworks",
					"@loader_path/Frameworks",
				);
				MARKETING_VERSION = 1.0;
				PRODUCT_BUNDLE_IDENTIFIER = com.example.srirams.RentACarTests;
				PRODUCT_NAME = "$(TARGET_NAME)";
				SWIFT_EMIT_LOC_STRINGS = NO;
				SWIFT_VERSION = 5.0;
				TARGETED_DEVICE_FAMILY = "1,2";
				TEST_HOST = "$(BUILT_PRODUCTS_DIR)/RentACar.app/RentACar";
			};
			name = Release;
		};
		777A193F272AA2A600159646 /* Debug */ = {
			isa = XCBuildConfiguration;
			buildSettings = {
				ALWAYS_EMBED_SWIFT_STANDARD_LIBRARIES = YES;
				CODE_SIGN_STYLE = Automatic;
				CURRENT_PROJECT_VERSION = 1;
				GENERATE_INFOPLIST_FILE = YES;
				LD_RUNPATH_SEARCH_PATHS = (
					"$(inherited)",
					"@executable_path/Frameworks",
					"@loader_path/Frameworks",
				);
				MARKETING_VERSION = 1.0;
				PRODUCT_BUNDLE_IDENTIFIER = com.example.srirams.RentACarUITests;
				PRODUCT_NAME = "$(TARGET_NAME)";
				SWIFT_EMIT_LOC_STRINGS = NO;
				SWIFT_VERSION = 5.0;
				TARGETED_DEVICE_FAMILY = "1,2";
				TEST_TARGET_NAME = RentACar;
			};
			name = Debug;
		};
		777A1940272AA2A600159646 /* Release */ = {
			isa = XCBuildConfiguration;
			buildSettings = {
				ALWAYS_EMBED_SWIFT_STANDARD_LIBRARIES = YES;
				CODE_SIGN_STYLE = Automatic;
				CURRENT_PROJECT_VERSION = 1;
				GENERATE_INFOPLIST_FILE = YES;
				LD_RUNPATH_SEARCH_PATHS = (
					"$(inherited)",
					"@executable_path/Frameworks",
					"@loader_path/Frameworks",
				);
				MARKETING_VERSION = 1.0;
				PRODUCT_BUNDLE_IDENTIFIER = com.example.srirams.RentACarUITests;
				PRODUCT_NAME = "$(TARGET_NAME)";
				SWIFT_EMIT_LOC_STRINGS = NO;
				SWIFT_VERSION = 5.0;
				TARGETED_DEVICE_FAMILY = "1,2";
				TEST_TARGET_NAME = RentACar;
			};
			name = Release;
		};
/* End XCBuildConfiguration section */

/* Begin XCConfigurationList section */
		777A1909272AA2A600159646 /* Build configuration list for PBXProject "RentACar" */ = {
			isa = XCConfigurationList;
			buildConfigurations = (
				777A1936272AA2A600159646 /* Debug */,
				777A1937272AA2A600159646 /* Release */,
			);
			defaultConfigurationIsVisible = 0;
			defaultConfigurationName = Release;
		};
		777A1938272AA2A600159646 /* Build configuration list for PBXNativeTarget "RentACar" */ = {
			isa = XCConfigurationList;
			buildConfigurations = (
				777A1939272AA2A600159646 /* Debug */,
				777A193A272AA2A600159646 /* Release */,
			);
			defaultConfigurationIsVisible = 0;
			defaultConfigurationName = Release;
		};
		777A193B272AA2A600159646 /* Build configuration list for PBXNativeTarget "RentACarTests" */ = {
			isa = XCConfigurationList;
			buildConfigurations = (
				777A193C272AA2A600159646 /* Debug */,
				777A193D272AA2A600159646 /* Release */,
			);
			defaultConfigurationIsVisible = 0;
			defaultConfigurationName = Release;
		};
		777A193E272AA2A600159646 /* Build configuration list for PBXNativeTarget "RentACarUITests" */ = {
			isa = XCConfigurationList;
			buildConfigurations = (
				777A193F272AA2A600159646 /* Debug */,
				777A1940272AA2A600159646 /* Release */,
			);
			defaultConfigurationIsVisible = 0;
			defaultConfigurationName = Release;
		};
/* End XCConfigurationList section */
	};
	rootObject = 777A1906272AA2A600159646 /* Project object */;
}
